
Microsoft Visual Studio Solution File, Format Version 12.00
# Visual Studio Version 16
VisualStudioVersion = 16.0.30523.141
MinimumVisualStudioVersion = 10.0.40219.1
Project("{8BC9CEB8-8B4A-11D0-8D11-00A0C91BC942}") = "amica_workstation", "amica_workstation\amica_workstation.vcxproj", "{933B7D8D-3F4F-40B5-95A3-0DE69C03804D}"
EndProject
Global
	GlobalSection(SolutionConfigurationPlatforms) = preSolution
		Debug|x64 = Debug|x64
		Debug|x86 = Debug|x86
		Release|x64 = Release|x64
		Release|x86 = Release|x86
	EndGlobalSection
	GlobalSection(ProjectConfigurationPlatforms) = postSolution
		{933B7D8D-3F4F-40B5-95A3-0DE69C03804D}.Debug|x64.ActiveCfg = Debug|x64
		{933B7D8D-3F4F-40B5-95A3-0DE69C03804D}.Debug|x64.Build.0 = Debug|x64
		{933B7D8D-3F4F-40B5-95A3-0DE69C03804D}.Debug|x86.ActiveCfg = Debug|Win32
		{933B7D8D-3F4F-40B5-95A3-0DE69C03804D}.Debug|x86.Build.0 = Debug|Win32
		{933B7D8D-3F4F-40B5-95A3-0DE69C03804D}.Release|x64.ActiveCfg = Release|x64
		{933B7D8D-3F4F-40B5-95A3-0DE69C03804D}.Release|x64.Build.0 = Release|x64
		{933B7D8D-3F4F-40B5-95A3-0DE69C03804D}.Release|x86.ActiveCfg = Release|Win32
		{933B7D8D-3F4F-40B5-95A3-0DE69C03804D}.Release|x86.Build.0 = Release|Win32
	EndGlobalSection
	GlobalSection(SolutionProperties) = preSolution
		HideSolutionNode = FALSE
	EndGlobalSection
	GlobalSection(ExtensibilityGlobals) = postSolution
		SolutionGuid = {860AE1EC-8CE1-415E-BC29-9ECF3FD34A2E}
	EndGlobalSection
EndGlobal
